// !$*UTF8*$!
{
	archiveVersion = 1;
	classes = {
	};
	objectVersion = 54;
	objects = {

/* Begin PBXBuildFile section */
		000D64F1780418629EF46358 /* CloudKitSyncBridge.swift in Sources */ = {isa = PBXBuildFile; fileRef = D39C89E82B01268E49A191DE /* CloudKitSyncBridge.swift */; };
		01A2CA4789F7A3A14443A0F6 /* EastWidgetSnapshotBridgeConstants.swift in Sources */ = {isa = PBXBuildFile; fileRef = 374719CD7165B890BDE2462E /* EastWidgetSnapshotBridgeConstants.swift */; };
		025EE279426DE25D0B3FD92C /* BeginEastIntent.swift in Sources */ = {isa = PBXBuildFile; fileRef = 084A5DCD05ADBCDA5C0217FB /* BeginEastIntent.swift */; };
		03F5CC19EBB74C9A9E3FA3CB /* CloudKitOpaqueArchive.swift in Sources */ = {isa = PBXBuildFile; fileRef = FADE0BB1EA16464F88667B5E /* CloudKitOpaqueArchive.swift */; };
		090478D0F6C231A32358E085 /* CloudKitRecordIdentity.swift in Sources */ = {isa = PBXBuildFile; fileRef = 6B2557BF9F1F4A78D045D070 /* CloudKitRecordIdentity.swift */; };
		0AC53A0E341736D9E8B70A7D /* EastWidgetExtension.appex in Embed App Extensions */ = {isa = PBXBuildFile; fileRef = FBB175380C71A3A50A004337 /* EastWidgetExtension.appex */; settings = {ATTRIBUTES = (RemoveHeadersOnCopy, ); }; };
		12EC13957B35BA0E817D19DA /* CloudKitPrivateZoneCoordinator.swift in Sources */ = {isa = PBXBuildFile; fileRef = 7EA6EF4FDC3F1BAA720EF7C2 /* CloudKitPrivateZoneCoordinator.swift */; };
		1498D2341E8E89220040F4C2 /* GeneratedPluginRegistrant.m in Sources */ = {isa = PBXBuildFile; fileRef = 1498D2331E8E89220040F4C2 /* GeneratedPluginRegistrant.m */; };
		2855DA0C8F8DF50EE22DC0FF /* EastWidgetSnapshotStore.swift in Sources */ = {isa = PBXBuildFile; fileRef = E42507676D77993FFEA785C1 /* EastWidgetSnapshotStore.swift */; };
		331C808B294A63AB00263BE5 /* RunnerTests.swift in Sources */ = {isa = PBXBuildFile; fileRef = 331C807B294A618700263BE5 /* RunnerTests.swift */; };
		3B3967161E833CAA004F5970 /* AppFrameworkInfo.plist in Resources */ = {isa = PBXBuildFile; fileRef = 3B3967151E833CAA004F5970 /* AppFrameworkInfo.plist */; };
		4BD89155BF8BAC2512A037FC /* CloudKitErrorClassifier.swift in Sources */ = {isa = PBXBuildFile; fileRef = FF255E8BBC4342F273BD028A /* CloudKitErrorClassifier.swift */; };
		55322E41BE226D5D965724CA /* WidgetKit.framework in Frameworks */ = {isa = PBXBuildFile; fileRef = 663D6D7E0223485C623E8112 /* WidgetKit.framework */; };
		62559DC5512826E1E91F7ABF /* EastWidgetBundle.swift in Sources */ = {isa = PBXBuildFile; fileRef = ED3E742A7CAF62C027533330 /* EastWidgetBundle.swift */; };
		659C38914AB45975157ACF51 /* BeginEastIntentTests.swift in Sources */ = {isa = PBXBuildFile; fileRef = 0BC1EBC3A342CDF3A0041574 /* BeginEastIntentTests.swift */; };
		665F3ADD240938B15D08348A /* CloudKitAccountFingerprintUtility.swift in Sources */ = {isa = PBXBuildFile; fileRef = 3F46F09478559DBF3E9AF9CD /* CloudKitAccountFingerprintUtility.swift */; };
		6719C0F1D7146390B19CBFC3 /* EastWidgetKind.swift in Sources */ = {isa = PBXBuildFile; fileRef = 78B931A7039DA17FCCC9F448 /* EastWidgetKind.swift */; };
		74858FAF1ED2DC5600515810 /* AppDelegate.swift in Sources */ = {isa = PBXBuildFile; fileRef = 74858FAE1ED2DC5600515810 /* AppDelegate.swift */; };
		7884E8682EC3CC0700C636F2 /* SceneDelegate.swift in Sources */ = {isa = PBXBuildFile; fileRef = 7884E8672EC3CC0400C636F2 /* SceneDelegate.swift */; };
		78A318202AECB46A00862997 /* FlutterGeneratedPluginSwiftPackage in Frameworks */ = {isa = PBXBuildFile; productRef = 78A3181F2AECB46A00862997 /* FlutterGeneratedPluginSwiftPackage */; };
		7F70E27D67B31EFD250BCF7D /* EastWidgetKind.swift in Sources */ = {isa = PBXBuildFile; fileRef = 78B931A7039DA17FCCC9F448 /* EastWidgetKind.swift */; };
		8E7A5E0FB65BF3C0F996571F /* EastWidgetSnapshotStore.swift in Sources */ = {isa = PBXBuildFile; fileRef = E42507676D77993FFEA785C1 /* EastWidgetSnapshotStore.swift */; };
		93E9922A61D4B85059A08908 /* EastAppShortcuts.swift in Sources */ = {isa = PBXBuildFile; fileRef = 34859B5697036B199545513D /* EastAppShortcuts.swift */; };
		97C146FC1CF9000F007C117D /* Main.storyboard in Resources */ = {isa = PBXBuildFile; fileRef = 97C146FA1CF9000F007C117D /* Main.storyboard */; };
		97C146FE1CF9000F007C117D /* Assets.xcassets in Resources */ = {isa = PBXBuildFile; fileRef = 97C146FD1CF9000F007C117D /* Assets.xcassets */; };
		97C147011CF9000F007C117D /* LaunchScreen.storyboard in Resources */ = {isa = PBXBuildFile; fileRef = 97C146FF1CF9000F007C117D /* LaunchScreen.storyboard */; };
		A0680A4D783405001CC1F209 /* Foundation.framework in Frameworks */ = {isa = PBXBuildFile; fileRef = 48A93588752C61AF32885287 /* Foundation.framework */; };
		A2932B4143FBF6ED11432008 /* CloudKitSyncStateCodec.swift in Sources */ = {isa = PBXBuildFile; fileRef = 40AFE6781FC6D53A9AC3CBCD /* CloudKitSyncStateCodec.swift */; };
		A838A35ABCC39F704D97B27A /* SwiftUI.framework in Frameworks */ = {isa = PBXBuildFile; fileRef = 72636AAD43F7F893BA1784F9 /* SwiftUI.framework */; };
		AD8F2033D1700D7B68B86C53 /* EastWidgetView.swift in Sources */ = {isa = PBXBuildFile; fileRef = F797B2A71669FE212FA34967 /* EastWidgetView.swift */; };
		B3AF9535677296CA8B1C3DB2 /* EastWidgetSnapshotBridge.swift in Sources */ = {isa = PBXBuildFile; fileRef = 53387D4F6F7A8145AFE9517B /* EastWidgetSnapshotBridge.swift */; };
		BDDB3A061C642279B33DE487 /* CormorantGaramond-Light.ttf in Resources */ = {isa = PBXBuildFile; fileRef = E4ABE639ECDE417CEA594DD7 /* CormorantGaramond-Light.ttf */; };
		C6F5577FED4C904D1EE4E4D2 /* EastWidgetProvider.swift in Sources */ = {isa = PBXBuildFile; fileRef = 77BF67CF557A5590CD292366 /* EastWidgetProvider.swift */; };
		CEA701F0EAA34864B5E0CD02 /* CloudKitRecordEnvelopeArgumentParser.swift in Sources */ = {isa = PBXBuildFile; fileRef = 3E1A2702C82843CC8A984E04 /* CloudKitRecordEnvelopeArgumentParser.swift */; };
		D8883590BCCC005D6F7CC0F2 /* CloudKitKeptWisdomCodec.swift in Sources */ = {isa = PBXBuildFile; fileRef = B608D9CCA8B08A0CA3EDC02B /* CloudKitKeptWisdomCodec.swift */; };
		E2AF050201224B138D66BEF5 /* CloudKitDeletionTransportCoordinator.swift in Sources */ = {isa = PBXBuildFile; fileRef = 075D57BA81E64C8380738EAC /* CloudKitDeletionTransportCoordinator.swift */; };
		E42766DA3C9E488A8F14014C /* CloudKitRecordTransportCoordinator.swift in Sources */ = {isa = PBXBuildFile; fileRef = A12AA9B19BA34E329F151A49 /* CloudKitRecordTransportCoordinator.swift */; };
		E5251DCFDA688EED75A1FCDC /* EastWidgetSnapshotStoreTests.swift in Sources */ = {isa = PBXBuildFile; fileRef = EF3D8A02989FC913E87F3FDA /* EastWidgetSnapshotStoreTests.swift */; };
		E749858BF163D25704FC6203 /* CloudKitRecordSchema.swift in Sources */ = {isa = PBXBuildFile; fileRef = B790B639107BF92DD369A449 /* CloudKitRecordSchema.swift */; };
		EF3EFA03BF40F2A6384D13E7 /* CloudKitSyncBridgeConstants.swift in Sources */ = {isa = PBXBuildFile; fileRef = 06EBDCBC9B147636B57BA3AC /* CloudKitSyncBridgeConstants.swift */; };
		F88720FF7409A5547D72F49E /* CloudKitAccountStatusMapper.swift in Sources */ = {isa = PBXBuildFile; fileRef = C0FA9159F6CC70EC4967A022 /* CloudKitAccountStatusMapper.swift */; };
/* End PBXBuildFile section */

/* Begin PBXContainerItemProxy section */
		331C8085294A63A400263BE5 /* PBXContainerItemProxy */ = {
			isa = PBXContainerItemProxy;
			containerPortal = 97C146E61CF9000F007C117D /* Project object */;
			proxyType = 1;
			remoteGlobalIDString = 97C146ED1CF9000F007C117D;
			remoteInfo = Runner;
		};
		9DCAECC7CB7C2735068A982F /* PBXContainerItemProxy */ = {
			isa = PBXContainerItemProxy;
			containerPortal = 97C146E61CF9000F007C117D /* Project object */;
			proxyType = 1;
			remoteGlobalIDString = F77D412714DF5657BEEE0274;
			remoteInfo = EastWidgetExtension;
		};
/* End PBXContainerItemProxy section */

/* Begin PBXCopyFilesBuildPhase section */
		5D6A3C6CA675327387171610 /* Embed App Extensions */ = {
			isa = PBXCopyFilesBuildPhase;
			buildActionMask = 2147483647;
			dstPath = "";
			dstSubfolderSpec = 13;
			files = (
				0AC53A0E341736D9E8B70A7D /* EastWidgetExtension.appex in Embed App Extensions */,
			);
			name = "Embed App Extensions";
			runOnlyForDeploymentPostprocessing = 0;
		};
		9705A1C41CF9048500538489 /* Embed Frameworks */ = {
			isa = PBXCopyFilesBuildPhase;
			buildActionMask = 2147483647;
			dstPath = "";
			dstSubfolderSpec = 10;
			files = (
			);
			name = "Embed Frameworks";
			runOnlyForDeploymentPostprocessing = 0;
		};
/* End PBXCopyFilesBuildPhase section */

/* Begin PBXFileReference section */
		06EBDCBC9B147636B57BA3AC /* CloudKitSyncBridgeConstants.swift */ = {isa = PBXFileReference; lastKnownFileType = sourcecode.swift; path = CloudKitSyncBridgeConstants.swift; sourceTree = "<group>"; };
		07298F92AC7B05EB15472BF1 /* Profile.xcconfig */ = {isa = PBXFileReference; includeInIndex = 1; lastKnownFileType = text.xcconfig; path = Profile.xcconfig; sourceTree = "<group>"; };
		075D57BA81E64C8380738EAC /* CloudKitDeletionTransportCoordinator.swift */ = {isa = PBXFileReference; lastKnownFileType = sourcecode.swift; path = CloudKitDeletionTransportCoordinator.swift; sourceTree = "<group>"; };
		084A5DCD05ADBCDA5C0217FB /* BeginEastIntent.swift */ = {isa = PBXFileReference; includeInIndex = 1; lastKnownFileType = sourcecode.swift; path = BeginEastIntent.swift; sourceTree = "<group>"; };
		0BC1EBC3A342CDF3A0041574 /* BeginEastIntentTests.swift */ = {isa = PBXFileReference; includeInIndex = 1; lastKnownFileType = sourcecode.swift; path = BeginEastIntentTests.swift; sourceTree = "<group>"; };
		1498D2321E8E86230040F4C2 /* GeneratedPluginRegistrant.h */ = {isa = PBXFileReference; lastKnownFileType = sourcecode.c.h; path = GeneratedPluginRegistrant.h; sourceTree = "<group>"; };
		1498D2331E8E89220040F4C2 /* GeneratedPluginRegistrant.m */ = {isa = PBXFileReference; fileEncoding = 4; lastKnownFileType = sourcecode.c.objc; path = GeneratedPluginRegistrant.m; sourceTree = "<group>"; };
		331C807B294A618700263BE5 /* RunnerTests.swift */ = {isa = PBXFileReference; lastKnownFileType = sourcecode.swift; path = RunnerTests.swift; sourceTree = "<group>"; };
		331C8081294A63A400263BE5 /* RunnerTests.xctest */ = {isa = PBXFileReference; explicitFileType = wrapper.cfbundle; includeInIndex = 0; path = RunnerTests.xctest; sourceTree = BUILT_PRODUCTS_DIR; };
		34859B5697036B199545513D /* EastAppShortcuts.swift */ = {isa = PBXFileReference; includeInIndex = 1; lastKnownFileType = sourcecode.swift; path = EastAppShortcuts.swift; sourceTree = "<group>"; };
		374719CD7165B890BDE2462E /* EastWidgetSnapshotBridgeConstants.swift */ = {isa = PBXFileReference; includeInIndex = 1; lastKnownFileType = sourcecode.swift; path = EastWidgetSnapshotBridgeConstants.swift; sourceTree = "<group>"; };
		3B3967151E833CAA004F5970 /* AppFrameworkInfo.plist */ = {isa = PBXFileReference; fileEncoding = 4; lastKnownFileType = text.plist.xml; name = AppFrameworkInfo.plist; path = Flutter/AppFrameworkInfo.plist; sourceTree = "<group>"; };
		3E1A2702C82843CC8A984E04 /* CloudKitRecordEnvelopeArgumentParser.swift */ = {isa = PBXFileReference; lastKnownFileType = sourcecode.swift; path = CloudKitRecordEnvelopeArgumentParser.swift; sourceTree = "<group>"; };
		3F46F09478559DBF3E9AF9CD /* CloudKitAccountFingerprintUtility.swift */ = {isa = PBXFileReference; lastKnownFileType = sourcecode.swift; path = CloudKitAccountFingerprintUtility.swift; sourceTree = "<group>"; };
		40AFE6781FC6D53A9AC3CBCD /* CloudKitSyncStateCodec.swift */ = {isa = PBXFileReference; lastKnownFileType = sourcecode.swift; path = CloudKitSyncStateCodec.swift; sourceTree = "<group>"; };
		48A93588752C61AF32885287 /* Foundation.framework */ = {isa = PBXFileReference; lastKnownFileType = wrapper.framework; name = Foundation.framework; path = Platforms/iPhoneOS.platform/Developer/SDKs/iPhoneOS18.0.sdk/System/Library/Frameworks/Foundation.framework; sourceTree = DEVELOPER_DIR; };
		48D63BBB301FB28E00FC9B15 /* Runner.entitlements */ = {isa = PBXFileReference; lastKnownFileType = text.plist.entitlements; path = Runner.entitlements; sourceTree = "<group>"; };
		53387D4F6F7A8145AFE9517B /* EastWidgetSnapshotBridge.swift */ = {isa = PBXFileReference; includeInIndex = 1; lastKnownFileType = sourcecode.swift; path = EastWidgetSnapshotBridge.swift; sourceTree = "<group>"; };
		663D6D7E0223485C623E8112 /* WidgetKit.framework */ = {isa = PBXFileReference; lastKnownFileType = wrapper.framework; name = WidgetKit.framework; path = System/Library/Frameworks/WidgetKit.framework; sourceTree = SDKROOT; };
		6B2557BF9F1F4A78D045D070 /* CloudKitRecordIdentity.swift */ = {isa = PBXFileReference; lastKnownFileType = sourcecode.swift; path = CloudKitRecordIdentity.swift; sourceTree = "<group>"; };
		72636AAD43F7F893BA1784F9 /* SwiftUI.framework */ = {isa = PBXFileReference; lastKnownFileType = wrapper.framework; name = SwiftUI.framework; path = System/Library/Frameworks/SwiftUI.framework; sourceTree = SDKROOT; };
		74858FAD1ED2DC5600515810 /* Runner-Bridging-Header.h */ = {isa = PBXFileReference; lastKnownFileType = sourcecode.c.h; path = "Runner-Bridging-Header.h"; sourceTree = "<group>"; };
		74858FAE1ED2DC5600515810 /* AppDelegate.swift */ = {isa = PBXFileReference; fileEncoding = 4; lastKnownFileType = sourcecode.swift; path = AppDelegate.swift; sourceTree = "<group>"; };
		77BF67CF557A5590CD292366 /* EastWidgetProvider.swift */ = {isa = PBXFileReference; includeInIndex = 1; lastKnownFileType = sourcecode.swift; path = EastWidgetProvider.swift; sourceTree = "<group>"; };
		7884E8672EC3CC0400C636F2 /* SceneDelegate.swift */ = {isa = PBXFileReference; lastKnownFileType = sourcecode.swift; path = SceneDelegate.swift; sourceTree = "<group>"; };
		78B931A7039DA17FCCC9F448 /* EastWidgetKind.swift */ = {isa = PBXFileReference; includeInIndex = 1; lastKnownFileType = sourcecode.swift; path = EastWidgetKind.swift; sourceTree = "<group>"; };
		78E0A7A72DC9AD7400C4905E /* FlutterGeneratedPluginSwiftPackage */ = {isa = PBXFileReference; lastKnownFileType = wrapper; name = FlutterGeneratedPluginSwiftPackage; path = Flutter/ephemeral/Packages/FlutterGeneratedPluginSwiftPackage; sourceTree = "<group>"; };
		7AFA3C8E1D35360C0083082E /* Release.xcconfig */ = {isa = PBXFileReference; lastKnownFileType = text.xcconfig; name = Release.xcconfig; path = Flutter/Release.xcconfig; sourceTree = "<group>"; };
		7EA6EF4FDC3F1BAA720EF7C2 /* CloudKitPrivateZoneCoordinator.swift */ = {isa = PBXFileReference; lastKnownFileType = sourcecode.swift; path = CloudKitPrivateZoneCoordinator.swift; sourceTree = "<group>"; };
		9740EEB21CF90195004384FC /* Debug.xcconfig */ = {isa = PBXFileReference; fileEncoding = 4; lastKnownFileType = text.xcconfig; name = Debug.xcconfig; path = Flutter/Debug.xcconfig; sourceTree = "<group>"; };
		9740EEB31CF90195004384FC /* Generated.xcconfig */ = {isa = PBXFileReference; fileEncoding = 4; lastKnownFileType = text.xcconfig; name = Generated.xcconfig; path = Flutter/Generated.xcconfig; sourceTree = "<group>"; };
		97C146EE1CF9000F007C117D /* Runner.app */ = {isa = PBXFileReference; explicitFileType = wrapper.application; includeInIndex = 0; path = Runner.app; sourceTree = BUILT_PRODUCTS_DIR; };
		97C146FB1CF9000F007C117D /* Base */ = {isa = PBXFileReference; lastKnownFileType = file.storyboard; name = Base; path = Base.lproj/Main.storyboard; sourceTree = "<group>"; };
		97C146FD1CF9000F007C117D /* Assets.xcassets */ = {isa = PBXFileReference; lastKnownFileType = folder.assetcatalog; path = Assets.xcassets; sourceTree = "<group>"; };
		97C147001CF9000F007C117D /* Base */ = {isa = PBXFileReference; lastKnownFileType = file.storyboard; name = Base; path = Base.lproj/LaunchScreen.storyboard; sourceTree = "<group>"; };
		97C147021CF9000F007C117D /* Info.plist */ = {isa = PBXFileReference; lastKnownFileType = text.plist.xml; path = Info.plist; sourceTree = "<group>"; };
		A12AA9B19BA34E329F151A49 /* CloudKitRecordTransportCoordinator.swift */ = {isa = PBXFileReference; lastKnownFileType = sourcecode.swift; path = CloudKitRecordTransportCoordinator.swift; sourceTree = "<group>"; };
		B608D9CCA8B08A0CA3EDC02B /* CloudKitKeptWisdomCodec.swift */ = {isa = PBXFileReference; lastKnownFileType = sourcecode.swift; path = CloudKitKeptWisdomCodec.swift; sourceTree = "<group>"; };
		B790B639107BF92DD369A449 /* CloudKitRecordSchema.swift */ = {isa = PBXFileReference; lastKnownFileType = sourcecode.swift; path = CloudKitRecordSchema.swift; sourceTree = "<group>"; };
		C0FA9159F6CC70EC4967A022 /* CloudKitAccountStatusMapper.swift */ = {isa = PBXFileReference; lastKnownFileType = sourcecode.swift; path = CloudKitAccountStatusMapper.swift; sourceTree = "<group>"; };
		D39C89E82B01268E49A191DE /* CloudKitSyncBridge.swift */ = {isa = PBXFileReference; lastKnownFileType = sourcecode.swift; path = CloudKitSyncBridge.swift; sourceTree = "<group>"; };
		DC4F8E71A39A185E95B35745 /* EastWidget.entitlements */ = {isa = PBXFileReference; includeInIndex = 1; lastKnownFileType = text.plist.entitlements; path = EastWidget.entitlements; sourceTree = "<group>"; };
		E42507676D77993FFEA785C1 /* EastWidgetSnapshotStore.swift */ = {isa = PBXFileReference; includeInIndex = 1; lastKnownFileType = sourcecode.swift; path = EastWidgetSnapshotStore.swift; sourceTree = "<group>"; };
		E4ABE639ECDE417CEA594DD7 /* CormorantGaramond-Light.ttf */ = {isa = PBXFileReference; includeInIndex = 1; path = "CormorantGaramond-Light.ttf"; sourceTree = "<group>"; };
		E8E0626C41475724AC78341B /* Release.xcconfig */ = {isa = PBXFileReference; includeInIndex = 1; lastKnownFileType = text.xcconfig; path = Release.xcconfig; sourceTree = "<group>"; };
		ED3E742A7CAF62C027533330 /* EastWidgetBundle.swift */ = {isa = PBXFileReference; includeInIndex = 1; lastKnownFileType = sourcecode.swift; path = EastWidgetBundle.swift; sourceTree = "<group>"; };
		EF3D8A02989FC913E87F3FDA /* EastWidgetSnapshotStoreTests.swift */ = {isa = PBXFileReference; includeInIndex = 1; lastKnownFileType = sourcecode.swift; path = EastWidgetSnapshotStoreTests.swift; sourceTree = "<group>"; };
		EF5D205C874F325796703B9D /* Info.plist */ = {isa = PBXFileReference; includeInIndex = 1; lastKnownFileType = text.plist.xml; path = Info.plist; sourceTree = "<group>"; };
		F42212EE1C2EA4CF7D8F4422 /* Debug.xcconfig */ = {isa = PBXFileReference; includeInIndex = 1; lastKnownFileType = text.xcconfig; path = Debug.xcconfig; sourceTree = "<group>"; };
		F797B2A71669FE212FA34967 /* EastWidgetView.swift */ = {isa = PBXFileReference; includeInIndex = 1; lastKnownFileType = sourcecode.swift; path = EastWidgetView.swift; sourceTree = "<group>"; };
		FADE0BB1EA16464F88667B5E /* CloudKitOpaqueArchive.swift */ = {isa = PBXFileReference; lastKnownFileType = sourcecode.swift; path = CloudKitOpaqueArchive.swift; sourceTree = "<group>"; };
		FBB175380C71A3A50A004337 /* EastWidgetExtension.appex */ = {isa = PBXFileReference; explicitFileType = "wrapper.app-extension"; includeInIndex = 0; path = EastWidgetExtension.appex; sourceTree = BUILT_PRODUCTS_DIR; };
		FF255E8BBC4342F273BD028A /* CloudKitErrorClassifier.swift */ = {isa = PBXFileReference; lastKnownFileType = sourcecode.swift; path = CloudKitErrorClassifier.swift; sourceTree = "<group>"; };
/* End PBXFileReference section */

/* Begin PBXFrameworksBuildPhase section */
		1F69B3B0B43C454DE8E88922 /* Frameworks */ = {
			isa = PBXFrameworksBuildPhase;
			buildActionMask = 2147483647;
			files = (
			);
			runOnlyForDeploymentPostprocessing = 0;
		};
		97C146EB1CF9000F007C117D /* Frameworks */ = {
			isa = PBXFrameworksBuildPhase;
			buildActionMask = 2147483647;
			files = (
				78A318202AECB46A00862997 /* FlutterGeneratedPluginSwiftPackage in Frameworks */,
			);
			runOnlyForDeploymentPostprocessing = 0;
		};
		BC09ACBED14BEF46EA188863 /* Frameworks */ = {
			isa = PBXFrameworksBuildPhase;
			buildActionMask = 2147483647;
			files = (
				A0680A4D783405001CC1F209 /* Foundation.framework in Frameworks */,
				55322E41BE226D5D965724CA /* WidgetKit.framework in Frameworks */,
				A838A35ABCC39F704D97B27A /* SwiftUI.framework in Frameworks */,
			);
			runOnlyForDeploymentPostprocessing = 0;
		};
/* End PBXFrameworksBuildPhase section */

/* Begin PBXGroup section */
		0C74B3DA39A43F64B62FCA83 /* Frameworks */ = {
			isa = PBXGroup;
			children = (
				E593D73031F47814EBE3A460 /* iOS */,
				663D6D7E0223485C623E8112 /* WidgetKit.framework */,
				72636AAD43F7F893BA1784F9 /* SwiftUI.framework */,
			);
			name = Frameworks;
			sourceTree = "<group>";
		};
		331C8082294A63A400263BE5 /* RunnerTests */ = {
			isa = PBXGroup;
			children = (
				331C807B294A618700263BE5 /* RunnerTests.swift */,
				0BC1EBC3A342CDF3A0041574 /* BeginEastIntentTests.swift */,
				EF3D8A02989FC913E87F3FDA /* EastWidgetSnapshotStoreTests.swift */,
			);
			path = RunnerTests;
			sourceTree = "<group>";
		};
		9740EEB11CF90186004384FC /* Flutter */ = {
			isa = PBXGroup;
			children = (
				78E0A7A72DC9AD7400C4905E /* FlutterGeneratedPluginSwiftPackage */,
				3B3967151E833CAA004F5970 /* AppFrameworkInfo.plist */,
				9740EEB21CF90195004384FC /* Debug.xcconfig */,
				7AFA3C8E1D35360C0083082E /* Release.xcconfig */,
				9740EEB31CF90195004384FC /* Generated.xcconfig */,
			);
			name = Flutter;
			sourceTree = "<group>";
		};
		97C146E51CF9000F007C117D = {
			isa = PBXGroup;
			children = (
				9740EEB11CF90186004384FC /* Flutter */,
				97C146F01CF9000F007C117D /* Runner */,
				97C146EF1CF9000F007C117D /* Products */,
				331C8082294A63A400263BE5 /* RunnerTests */,
				F892FA475356C9142432FD48 /* Pods */,
				0C74B3DA39A43F64B62FCA83 /* Frameworks */,
				FEEAF96CD852F97DBECA0413 /* EastWidget */,
				F9AD55BEBC96A6B1F47DE787 /* EastShared */,
			);
			sourceTree = "<group>";
		};
		97C146EF1CF9000F007C117D /* Products */ = {
			isa = PBXGroup;
			children = (
				97C146EE1CF9000F007C117D /* Runner.app */,
				331C8081294A63A400263BE5 /* RunnerTests.xctest */,
				FBB175380C71A3A50A004337 /* EastWidgetExtension.appex */,
			);
			name = Products;
			sourceTree = "<group>";
		};
		97C146F01CF9000F007C117D /* Runner */ = {
			isa = PBXGroup;
			children = (
				48D63BBB301FB28E00FC9B15 /* Runner.entitlements */,
				97C146FA1CF9000F007C117D /* Main.storyboard */,
				97C146FD1CF9000F007C117D /* Assets.xcassets */,
				97C146FF1CF9000F007C117D /* LaunchScreen.storyboard */,
				97C147021CF9000F007C117D /* Info.plist */,
				1498D2321E8E86230040F4C2 /* GeneratedPluginRegistrant.h */,
				1498D2331E8E89220040F4C2 /* GeneratedPluginRegistrant.m */,
				74858FAE1ED2DC5600515810 /* AppDelegate.swift */,
				7884E8672EC3CC0400C636F2 /* SceneDelegate.swift */,
				74858FAD1ED2DC5600515810 /* Runner-Bridging-Header.h */,
				06EBDCBC9B147636B57BA3AC /* CloudKitSyncBridgeConstants.swift */,
				C0FA9159F6CC70EC4967A022 /* CloudKitAccountStatusMapper.swift */,
				FF255E8BBC4342F273BD028A /* CloudKitErrorClassifier.swift */,
				3F46F09478559DBF3E9AF9CD /* CloudKitAccountFingerprintUtility.swift */,
				7EA6EF4FDC3F1BAA720EF7C2 /* CloudKitPrivateZoneCoordinator.swift */,
				D39C89E82B01268E49A191DE /* CloudKitSyncBridge.swift */,
				B790B639107BF92DD369A449 /* CloudKitRecordSchema.swift */,
				6B2557BF9F1F4A78D045D070 /* CloudKitRecordIdentity.swift */,
				FADE0BB1EA16464F88667B5E /* CloudKitOpaqueArchive.swift */,
				3E1A2702C82843CC8A984E04 /* CloudKitRecordEnvelopeArgumentParser.swift */,
				A12AA9B19BA34E329F151A49 /* CloudKitRecordTransportCoordinator.swift */,
				B608D9CCA8B08A0CA3EDC02B /* CloudKitKeptWisdomCodec.swift */,
				40AFE6781FC6D53A9AC3CBCD /* CloudKitSyncStateCodec.swift */,
				075D57BA81E64C8380738EAC /* CloudKitDeletionTransportCoordinator.swift */,
				374719CD7165B890BDE2462E /* EastWidgetSnapshotBridgeConstants.swift */,
				53387D4F6F7A8145AFE9517B /* EastWidgetSnapshotBridge.swift */,
				084A5DCD05ADBCDA5C0217FB /* BeginEastIntent.swift */,
				34859B5697036B199545513D /* EastAppShortcuts.swift */,
			);
			path = Runner;
			sourceTree = "<group>";
		};
		E593D73031F47814EBE3A460 /* iOS */ = {
			isa = PBXGroup;
			children = (
				48A93588752C61AF32885287 /* Foundation.framework */,
			);
			name = iOS;
			sourceTree = "<group>";
		};
		F892FA475356C9142432FD48 /* Pods */ = {
			isa = PBXGroup;
			children = (
			);
			path = Pods;
			sourceTree = "<group>";
		};
		F9AD55BEBC96A6B1F47DE787 /* EastShared */ = {
			isa = PBXGroup;
			children = (
				78B931A7039DA17FCCC9F448 /* EastWidgetKind.swift */,
				E42507676D77993FFEA785C1 /* EastWidgetSnapshotStore.swift */,
			);
			name = EastShared;
			path = EastShared;
			sourceTree = "<group>";
		};
		FEEAF96CD852F97DBECA0413 /* EastWidget */ = {
			isa = PBXGroup;
			children = (
				F42212EE1C2EA4CF7D8F4422 /* Debug.xcconfig */,
				E8E0626C41475724AC78341B /* Release.xcconfig */,
				07298F92AC7B05EB15472BF1 /* Profile.xcconfig */,
				77BF67CF557A5590CD292366 /* EastWidgetProvider.swift */,
				F797B2A71669FE212FA34967 /* EastWidgetView.swift */,
				ED3E742A7CAF62C027533330 /* EastWidgetBundle.swift */,
				EF5D205C874F325796703B9D /* Info.plist */,
				DC4F8E71A39A185E95B35745 /* EastWidget.entitlements */,
				E4ABE639ECDE417CEA594DD7 /* CormorantGaramond-Light.ttf */,
			);
			name = EastWidget;
			path = EastWidget;
			sourceTree = "<group>";
		};
/* End PBXGroup section */

/* Begin PBXNativeTarget section */
		331C8080294A63A400263BE5 /* RunnerTests */ = {
			isa = PBXNativeTarget;
			buildConfigurationList = 331C8087294A63A400263BE5 /* Build configuration list for PBXNativeTarget "RunnerTests" */;
			buildPhases = (
				331C807D294A63A400263BE5 /* Sources */,
				331C807F294A63A400263BE5 /* Resources */,
				1F69B3B0B43C454DE8E88922 /* Frameworks */,
			);
			buildRules = (
			);
			dependencies = (
				331C8086294A63A400263BE5 /* PBXTargetDependency */,
			);
			name = RunnerTests;
			productName = RunnerTests;
			productReference = 331C8081294A63A400263BE5 /* RunnerTests.xctest */;
			productType = "com.apple.product-type.bundle.unit-test";
		};
		97C146ED1CF9000F007C117D /* Runner */ = {
			isa = PBXNativeTarget;
			buildConfigurationList = 97C147051CF9000F007C117D /* Build configuration list for PBXNativeTarget "Runner" */;
			buildPhases = (
				9740EEB61CF901F6004384FC /* Run Script */,
				97C146EA1CF9000F007C117D /* Sources */,
				97C146EB1CF9000F007C117D /* Frameworks */,
				97C146EC1CF9000F007C117D /* Resources */,
				9705A1C41CF9048500538489 /* Embed Frameworks */,
				5D6A3C6CA675327387171610 /* Embed App Extensions */,
				3B06AD1E1E4923F5004D2608 /* Thin Binary */,
			);
			buildRules = (
			);
			dependencies = (
				F247E258233410DE59ACCD0A /* PBXTargetDependency */,
			);
			name = Runner;
			packageProductDependencies = (
				78A3181F2AECB46A00862997 /* FlutterGeneratedPluginSwiftPackage */,
			);
			productName = Runner;
			productReference = 97C146EE1CF9000F007C117D /* Runner.app */;
			productType = "com.apple.product-type.application";
		};
		F77D412714DF5657BEEE0274 /* EastWidgetExtension */ = {
			isa = PBXNativeTarget;
			buildConfigurationList = B754D2D435096633B184D8CB /* Build configuration list for PBXNativeTarget "EastWidgetExtension" */;
			buildPhases = (
				1269F593FBF2AB7092FF9ECF /* Sources */,
				BC09ACBED14BEF46EA188863 /* Frameworks */,
				408A7E46D527813DF540ACE0 /* Resources */,
			);
			buildRules = (
			);
			dependencies = (
			);
			name = EastWidgetExtension;
			productName = EastWidgetExtension;
			productReference = FBB175380C71A3A50A004337 /* EastWidgetExtension.appex */;
			productType = "com.apple.product-type.app-extension";
		};
/* End PBXNativeTarget section */

/* Begin PBXProject section */
		97C146E61CF9000F007C117D /* Project object */ = {
			isa = PBXProject;
			attributes = {
				BuildIndependentTargetsInParallel = YES;
				LastUpgradeCheck = 1510;
				ORGANIZATIONNAME = "";
				TargetAttributes = {
					331C8080294A63A400263BE5 = {
						CreatedOnToolsVersion = 14.0;
						TestTargetID = 97C146ED1CF9000F007C117D;
					};
					97C146ED1CF9000F007C117D = {
						CreatedOnToolsVersion = 7.3.1;
						LastSwiftMigration = 1100;
					};
				};
			};
			buildConfigurationList = 97C146E91CF9000F007C117D /* Build configuration list for PBXProject "Runner" */;
			compatibilityVersion = "Xcode 9.3";
			developmentRegion = en;
			hasScannedForEncodings = 0;
			knownRegions = (
				en,
				Base,
			);
			mainGroup = 97C146E51CF9000F007C117D;
			packageReferences = (
				781AD8BC2B33823900A9FFBB /* XCLocalSwiftPackageReference "FlutterGeneratedPluginSwiftPackage" */,
			);
			productRefGroup = 97C146EF1CF9000F007C117D /* Products */;
			projectDirPath = "";
			projectRoot = "";
			targets = (
				97C146ED1CF9000F007C117D /* Runner */,
				331C8080294A63A400263BE5 /* RunnerTests */,
				F77D412714DF5657BEEE0274 /* EastWidgetExtension */,
			);
		};
/* End PBXProject section */

/* Begin PBXResourcesBuildPhase section */
		331C807F294A63A400263BE5 /* Resources */ = {
			isa = PBXResourcesBuildPhase;
			buildActionMask = 2147483647;
			files = (
			);
			runOnlyForDeploymentPostprocessing = 0;
		};
		408A7E46D527813DF540ACE0 /* Resources */ = {
			isa = PBXResourcesBuildPhase;
			buildActionMask = 2147483647;
			files = (
				BDDB3A061C642279B33DE487 /* CormorantGaramond-Light.ttf in Resources */,
			);
			runOnlyForDeploymentPostprocessing = 0;
		};
		97C146EC1CF9000F007C117D /* Resources */ = {
			isa = PBXResourcesBuildPhase;
			buildActionMask = 2147483647;
			files = (
				97C147011CF9000F007C117D /* LaunchScreen.storyboard in Resources */,
				3B3967161E833CAA004F5970 /* AppFrameworkInfo.plist in Resources */,
				97C146FE1CF9000F007C117D /* Assets.xcassets in Resources */,
				97C146FC1CF9000F007C117D /* Main.storyboard in Resources */,
			);
			runOnlyForDeploymentPostprocessing = 0;
		};
/* End PBXResourcesBuildPhase section */

/* Begin PBXShellScriptBuildPhase section */
		3B06AD1E1E4923F5004D2608 /* Thin Binary */ = {
			isa = PBXShellScriptBuildPhase;
			alwaysOutOfDate = 1;
			buildActionMask = 2147483647;
			files = (
			);
			inputPaths = (
				"${TARGET_BUILD_DIR}/${INFOPLIST_PATH}",
			);
			name = "Thin Binary";
			outputPaths = (
			);
			runOnlyForDeploymentPostprocessing = 0;
			shellPath = /bin/sh;
			shellScript = "/bin/sh \"$FLUTTER_ROOT/packages/flutter_tools/bin/xcode_backend.sh\" embed_and_thin";
		};
		9740EEB61CF901F6004384FC /* Run Script */ = {
			isa = PBXShellScriptBuildPhase;
			alwaysOutOfDate = 1;
			buildActionMask = 2147483647;
			files = (
			);
			inputPaths = (
			);
			name = "Run Script";
			outputPaths = (
			);
			runOnlyForDeploymentPostprocessing = 0;
			shellPath = /bin/sh;
			shellScript = "/bin/sh \"$FLUTTER_ROOT/packages/flutter_tools/bin/xcode_backend.sh\" build";
		};
/* End PBXShellScriptBuildPhase section */

/* Begin PBXSourcesBuildPhase section */
		1269F593FBF2AB7092FF9ECF /* Sources */ = {
			isa = PBXSourcesBuildPhase;
			buildActionMask = 2147483647;
			files = (
				6719C0F1D7146390B19CBFC3 /* EastWidgetKind.swift in Sources */,
				2855DA0C8F8DF50EE22DC0FF /* EastWidgetSnapshotStore.swift in Sources */,
				C6F5577FED4C904D1EE4E4D2 /* EastWidgetProvider.swift in Sources */,
				AD8F2033D1700D7B68B86C53 /* EastWidgetView.swift in Sources */,
				62559DC5512826E1E91F7ABF /* EastWidgetBundle.swift in Sources */,
			);
			runOnlyForDeploymentPostprocessing = 0;
		};
		331C807D294A63A400263BE5 /* Sources */ = {
			isa = PBXSourcesBuildPhase;
			buildActionMask = 2147483647;
			files = (
				331C808B294A63AB00263BE5 /* RunnerTests.swift in Sources */,
				659C38914AB45975157ACF51 /* BeginEastIntentTests.swift in Sources */,
				E5251DCFDA688EED75A1FCDC /* EastWidgetSnapshotStoreTests.swift in Sources */,
			);
			runOnlyForDeploymentPostprocessing = 0;
		};
		97C146EA1CF9000F007C117D /* Sources */ = {
			isa = PBXSourcesBuildPhase;
			buildActionMask = 2147483647;
			files = (
				74858FAF1ED2DC5600515810 /* AppDelegate.swift in Sources */,
				1498D2341E8E89220040F4C2 /* GeneratedPluginRegistrant.m in Sources */,
				7884E8682EC3CC0700C636F2 /* SceneDelegate.swift in Sources */,
				EF3EFA03BF40F2A6384D13E7 /* CloudKitSyncBridgeConstants.swift in Sources */,
				F88720FF7409A5547D72F49E /* CloudKitAccountStatusMapper.swift in Sources */,
				4BD89155BF8BAC2512A037FC /* CloudKitErrorClassifier.swift in Sources */,
				665F3ADD240938B15D08348A /* CloudKitAccountFingerprintUtility.swift in Sources */,
				12EC13957B35BA0E817D19DA /* CloudKitPrivateZoneCoordinator.swift in Sources */,
				000D64F1780418629EF46358 /* CloudKitSyncBridge.swift in Sources */,
				E749858BF163D25704FC6203 /* CloudKitRecordSchema.swift in Sources */,
				090478D0F6C231A32358E085 /* CloudKitRecordIdentity.swift in Sources */,
				03F5CC19EBB74C9A9E3FA3CB /* CloudKitOpaqueArchive.swift in Sources */,
				CEA701F0EAA34864B5E0CD02 /* CloudKitRecordEnvelopeArgumentParser.swift in Sources */,
				E42766DA3C9E488A8F14014C /* CloudKitRecordTransportCoordinator.swift in Sources */,
				D8883590BCCC005D6F7CC0F2 /* CloudKitKeptWisdomCodec.swift in Sources */,
				A2932B4143FBF6ED11432008 /* CloudKitSyncStateCodec.swift in Sources */,
				E2AF050201224B138D66BEF5 /* CloudKitDeletionTransportCoordinator.swift in Sources */,
				7F70E27D67B31EFD250BCF7D /* EastWidgetKind.swift in Sources */,
				8E7A5E0FB65BF3C0F996571F /* EastWidgetSnapshotStore.swift in Sources */,
				01A2CA4789F7A3A14443A0F6 /* EastWidgetSnapshotBridgeConstants.swift in Sources */,
				B3AF9535677296CA8B1C3DB2 /* EastWidgetSnapshotBridge.swift in Sources */,
				025EE279426DE25D0B3FD92C /* BeginEastIntent.swift in Sources */,
				93E9922A61D4B85059A08908 /* EastAppShortcuts.swift in Sources */,
			);
			runOnlyForDeploymentPostprocessing = 0;
		};
/* End PBXSourcesBuildPhase section */

/* Begin PBXTargetDependency section */
		331C8086294A63A400263BE5 /* PBXTargetDependency */ = {
			isa = PBXTargetDependency;
			target = 97C146ED1CF9000F007C117D /* Runner */;
			targetProxy = 331C8085294A63A400263BE5 /* PBXContainerItemProxy */;
		};
		F247E258233410DE59ACCD0A /* PBXTargetDependency */ = {
			isa = PBXTargetDependency;
			name = EastWidgetExtension;
			target = F77D412714DF5657BEEE0274 /* EastWidgetExtension */;
			targetProxy = 9DCAECC7CB7C2735068A982F /* PBXContainerItemProxy */;
		};
/* End PBXTargetDependency section */

/* Begin PBXVariantGroup section */
		97C146FA1CF9000F007C117D /* Main.storyboard */ = {
			isa = PBXVariantGroup;
			children = (
				97C146FB1CF9000F007C117D /* Base */,
			);
			name = Main.storyboard;
			sourceTree = "<group>";
		};
		97C146FF1CF9000F007C117D /* LaunchScreen.storyboard */ = {
			isa = PBXVariantGroup;
			children = (
				97C147001CF9000F007C117D /* Base */,
			);
			name = LaunchScreen.storyboard;
			sourceTree = "<group>";
		};
/* End PBXVariantGroup section */

/* Begin XCBuildConfiguration section */
		249021D3217E4FDB00AE95B9 /* Profile */ = {
			isa = XCBuildConfiguration;
			buildSettings = {
				ALWAYS_SEARCH_USER_PATHS = NO;
				ASSETCATALOG_COMPILER_GENERATE_SWIFT_ASSET_SYMBOL_EXTENSIONS = YES;
				CLANG_ANALYZER_NONNULL = YES;
				CLANG_CXX_LANGUAGE_STANDARD = "gnu++0x";
				CLANG_CXX_LIBRARY = "libc++";
				CLANG_ENABLE_MODULES = YES;
				CLANG_ENABLE_OBJC_ARC = YES;
				CLANG_WARN_BLOCK_CAPTURE_AUTORELEASING = YES;
				CLANG_WARN_BOOL_CONVERSION = YES;
				CLANG_WARN_COMMA = YES;
				CLANG_WARN_CONSTANT_CONVERSION = YES;
				CLANG_WARN_DEPRECATED_OBJC_IMPLEMENTATIONS = YES;
				CLANG_WARN_DIRECT_OBJC_ISA_USAGE = YES_ERROR;
				CLANG_WARN_EMPTY_BODY = YES;
				CLANG_WARN_ENUM_CONVERSION = YES;
				CLANG_WARN_INFINITE_RECURSION = YES;
				CLANG_WARN_INT_CONVERSION = YES;
				CLANG_WARN_NON_LITERAL_NULL_CONVERSION = YES;
				CLANG_WARN_OBJC_IMPLICIT_RETAIN_SELF = YES;
				CLANG_WARN_OBJC_LITERAL_CONVERSION = YES;
				CLANG_WARN_OBJC_ROOT_CLASS = YES_ERROR;
				CLANG_WARN_QUOTED_INCLUDE_IN_FRAMEWORK_HEADER = YES;
				CLANG_WARN_RANGE_LOOP_ANALYSIS = YES;
				CLANG_WARN_STRICT_PROTOTYPES = YES;
				CLANG_WARN_SUSPICIOUS_MOVE = YES;
				CLANG_WARN_UNREACHABLE_CODE = YES;
				CLANG_WARN__DUPLICATE_METHOD_MATCH = YES;
				"CODE_SIGN_IDENTITY[sdk=iphoneos*]" = "iPhone Developer";
				COPY_PHASE_STRIP = NO;
				DEBUG_INFORMATION_FORMAT = "dwarf-with-dsym";
				ENABLE_NS_ASSERTIONS = NO;
				ENABLE_STRICT_OBJC_MSGSEND = YES;
				ENABLE_USER_SCRIPT_SANDBOXING = NO;
				GCC_C_LANGUAGE_STANDARD = gnu99;
				GCC_NO_COMMON_BLOCKS = YES;
				GCC_WARN_64_TO_32_BIT_CONVERSION = YES;
				GCC_WARN_ABOUT_RETURN_TYPE = YES_ERROR;
				GCC_WARN_UNDECLARED_SELECTOR = YES;
				GCC_WARN_UNINITIALIZED_AUTOS = YES_AGGRESSIVE;
				GCC_WARN_UNUSED_FUNCTION = YES;
				GCC_WARN_UNUSED_VARIABLE = YES;
				IPHONEOS_DEPLOYMENT_TARGET = 15.0;
				MTL_ENABLE_DEBUG_INFO = NO;
				SDKROOT = iphoneos;
				STRING_CATALOG_GENERATE_SYMBOLS = YES;
				SUPPORTED_PLATFORMS = iphoneos;
				TARGETED_DEVICE_FAMILY = 1;
				VALIDATE_PRODUCT = YES;
			};
			name = Profile;
		};
		249021D4217E4FDB00AE95B9 /* Profile */ = {
			isa = XCBuildConfiguration;
			baseConfigurationReference = 7AFA3C8E1D35360C0083082E /* Release.xcconfig */;
			buildSettings = {
				ASSETCATALOG_COMPILER_APPICON_NAME = AppIcon;
				CLANG_ENABLE_MODULES = YES;
				CODE_SIGN_ENTITLEMENTS = Runner/Runner.entitlements;
				CURRENT_PROJECT_VERSION = "$(FLUTTER_BUILD_NUMBER)";
				DEVELOPMENT_TEAM = ZPLCBF8X99;
				ENABLE_BITCODE = NO;
				INFOPLIST_FILE = Runner/Info.plist;
				LD_RUNPATH_SEARCH_PATHS = (
					"$(inherited)",
					"@executable_path/Frameworks",
				);
				MARKETING_VERSION = "$(FLUTTER_BUILD_NAME)";
				PRODUCT_BUNDLE_IDENTIFIER = com.dogukan.dailywisdom;
				PRODUCT_NAME = "$(TARGET_NAME)";
				SWIFT_OBJC_BRIDGING_HEADER = "Runner/Runner-Bridging-Header.h";
				SWIFT_VERSION = 5.0;
				VERSIONING_SYSTEM = "apple-generic";
			};
			name = Profile;
		};
		331C8088294A63A400263BE5 /* Debug */ = {
			isa = XCBuildConfiguration;
			buildSettings = {
				BUNDLE_LOADER = "$(TEST_HOST)";
				CODE_SIGN_STYLE = Automatic;
				CURRENT_PROJECT_VERSION = 1;
				GENERATE_INFOPLIST_FILE = YES;
				MARKETING_VERSION = 1.0;
				PRODUCT_BUNDLE_IDENTIFIER = com.example.wisdomApp.RunnerTests;
				PRODUCT_NAME = "$(TARGET_NAME)";
				SWIFT_ACTIVE_COMPILATION_CONDITIONS = DEBUG;
				SWIFT_OPTIMIZATION_LEVEL = "-Onone";
				SWIFT_VERSION = 5.0;
				TEST_HOST = "$(BUILT_PRODUCTS_DIR)/Runner.app/$(BUNDLE_EXECUTABLE_FOLDER_PATH)/Runner";
			};
			name = Debug;
		};
		331C8089294A63A400263BE5 /* Release */ = {
			isa = XCBuildConfiguration;
			buildSettings = {
				BUNDLE_LOADER = "$(TEST_HOST)";
				CODE_SIGN_STYLE = Automatic;
				CURRENT_PROJECT_VERSION = 1;
				GENERATE_INFOPLIST_FILE = YES;
				MARKETING_VERSION = 1.0;
				PRODUCT_BUNDLE_IDENTIFIER = com.example.wisdomApp.RunnerTests;
				PRODUCT_NAME = "$(TARGET_NAME)";
				SWIFT_VERSION = 5.0;
				TEST_HOST = "$(BUILT_PRODUCTS_DIR)/Runner.app/$(BUNDLE_EXECUTABLE_FOLDER_PATH)/Runner";
			};
			name = Release;
		};
		331C808A294A63A400263BE5 /* Profile */ = {
			isa = XCBuildConfiguration;
			buildSettings = {
				BUNDLE_LOADER = "$(TEST_HOST)";
				CODE_SIGN_STYLE = Automatic;
				CURRENT_PROJECT_VERSION = 1;
				GENERATE_INFOPLIST_FILE = YES;
				MARKETING_VERSION = 1.0;
				PRODUCT_BUNDLE_IDENTIFIER = com.example.wisdomApp.RunnerTests;
				PRODUCT_NAME = "$(TARGET_NAME)";
				SWIFT_VERSION = 5.0;
				TEST_HOST = "$(BUILT_PRODUCTS_DIR)/Runner.app/$(BUNDLE_EXECUTABLE_FOLDER_PATH)/Runner";
			};
			name = Profile;
		};
		5C71E60B61C955675417DEF5 /* Release */ = {
			isa = XCBuildConfiguration;
			baseConfigurationReference = E8E0626C41475724AC78341B /* Release.xcconfig */;
			buildSettings = {
				ASSETCATALOG_COMPILER_GENERATE_SWIFT_ASSET_SYMBOL_EXTENSIONS = NO;
				CLANG_ENABLE_OBJC_WEAK = NO;
				CODE_SIGN_ENTITLEMENTS = EastWidget/EastWidget.entitlements;
				CODE_SIGN_STYLE = Automatic;
				CURRENT_PROJECT_VERSION = "$(FLUTTER_BUILD_NUMBER)";
				DEVELOPMENT_TEAM = ZPLCBF8X99;
				ENABLE_USER_SCRIPT_SANDBOXING = NO;
				GENERATE_INFOPLIST_FILE = NO;
				INFOPLIST_FILE = EastWidget/Info.plist;
				IPHONEOS_DEPLOYMENT_TARGET = 17.0;
				LD_RUNPATH_SEARCH_PATHS = (
					"$(inherited)",
					"@executable_path/Frameworks",
					"@executable_path/../../Frameworks",
				);
				MARKETING_VERSION = "$(FLUTTER_BUILD_NAME)";
				PRODUCT_BUNDLE_IDENTIFIER = com.dogukan.dailywisdom.EastWidgetExtension;
				PRODUCT_NAME = "$(TARGET_NAME)";
				SDKROOT = iphoneos;
				SKIP_INSTALL = YES;
				SWIFT_VERSION = 5.0;
				TARGETED_DEVICE_FAMILY = 1;
				VALIDATE_PRODUCT = YES;
				VERSIONING_SYSTEM = "apple-generic";
			};
			name = Release;
		};
		76CDBA3155CD25350528D7BD /* Debug */ = {
			isa = XCBuildConfiguration;
			baseConfigurationReference = F42212EE1C2EA4CF7D8F4422 /* Debug.xcconfig */;
			buildSettings = {
				ASSETCATALOG_COMPILER_GENERATE_SWIFT_ASSET_SYMBOL_EXTENSIONS = NO;
				CLANG_ENABLE_OBJC_WEAK = NO;
				CODE_SIGN_ENTITLEMENTS = EastWidget/EastWidget.entitlements;
				CODE_SIGN_STYLE = Automatic;
				CURRENT_PROJECT_VERSION = "$(FLUTTER_BUILD_NUMBER)";
				DEVELOPMENT_TEAM = ZPLCBF8X99;
				ENABLE_USER_SCRIPT_SANDBOXING = NO;
				GENERATE_INFOPLIST_FILE = NO;
				INFOPLIST_FILE = EastWidget/Info.plist;
				IPHONEOS_DEPLOYMENT_TARGET = 17.0;
				LD_RUNPATH_SEARCH_PATHS = (
					"$(inherited)",
					"@executable_path/Frameworks",
					"@executable_path/../../Frameworks",
				);
				MARKETING_VERSION = "$(FLUTTER_BUILD_NAME)";
				PRODUCT_BUNDLE_IDENTIFIER = com.dogukan.dailywisdom.EastWidgetExtension;
				PRODUCT_NAME = "$(TARGET_NAME)";
				SDKROOT = iphoneos;
				SKIP_INSTALL = YES;
				SWIFT_OPTIMIZATION_LEVEL = "-Onone";
				SWIFT_VERSION = 5.0;
				TARGETED_DEVICE_FAMILY = 1;
				VERSIONING_SYSTEM = "apple-generic";
			};
			name = Debug;
		};
		97C147031CF9000F007C117D /* Debug */ = {
			isa = XCBuildConfiguration;
			buildSettings = {
				ALWAYS_SEARCH_USER_PATHS = NO;
				ASSETCATALOG_COMPILER_GENERATE_SWIFT_ASSET_SYMBOL_EXTENSIONS = AppIcon;
				CLANG_ANALYZER_NONNULL = YES;
				CLANG_CXX_LANGUAGE_STANDARD = "gnu++0x";
				CLANG_CXX_LIBRARY = "libc++";
				CLANG_ENABLE_MODULES = YES;
				CLANG_ENABLE_OBJC_ARC = YES;
				CLANG_WARN_BLOCK_CAPTURE_AUTORELEASING = YES;
				CLANG_WARN_BOOL_CONVERSION = YES;
				CLANG_WARN_COMMA = YES;
				CLANG_WARN_CONSTANT_CONVERSION = YES;
				CLANG_WARN_DEPRECATED_OBJC_IMPLEMENTATIONS = YES;
				CLANG_WARN_DIRECT_OBJC_ISA_USAGE = YES_ERROR;
				CLANG_WARN_EMPTY_BODY = YES;
				CLANG_WARN_ENUM_CONVERSION = YES;
				CLANG_WARN_INFINITE_RECURSION = YES;
				CLANG_WARN_INT_CONVERSION = YES;
				CLANG_WARN_NON_LITERAL_NULL_CONVERSION = YES;
				CLANG_WARN_OBJC_IMPLICIT_RETAIN_SELF = YES;
				CLANG_WARN_OBJC_LITERAL_CONVERSION = YES;
				CLANG_WARN_OBJC_ROOT_CLASS = YES_ERROR;
				CLANG_WARN_QUOTED_INCLUDE_IN_FRAMEWORK_HEADER = YES;
				CLANG_WARN_RANGE_LOOP_ANALYSIS = YES;
				CLANG_WARN_STRICT_PROTOTYPES = YES;
				CLANG_WARN_SUSPICIOUS_MOVE = YES;
				CLANG_WARN_UNREACHABLE_CODE = YES;
				CLANG_WARN__DUPLICATE_METHOD_MATCH = YES;
				"CODE_SIGN_IDENTITY[sdk=iphoneos*]" = "iPhone Developer";
				COPY_PHASE_STRIP = NO;
				DEBUG_INFORMATION_FORMAT = dwarf;
				ENABLE_STRICT_OBJC_MSGSEND = YES;
				ENABLE_TESTABILITY = YES;
				ENABLE_USER_SCRIPT_SANDBOXING = NO;
				GCC_C_LANGUAGE_STANDARD = gnu99;
				GCC_DYNAMIC_NO_PIC = NO;
				GCC_NO_COMMON_BLOCKS = YES;
				GCC_OPTIMIZATION_LEVEL = 0;
				GCC_PREPROCESSOR_DEFINITIONS = (
					"DEBUG=1",
					"$(inherited)",
				);
				GCC_WARN_64_TO_32_BIT_CONVERSION = YES;
				GCC_WARN_ABOUT_RETURN_TYPE = YES_ERROR;
				GCC_WARN_UNDECLARED_SELECTOR = YES;
				GCC_WARN_UNINITIALIZED_AUTOS = YES_AGGRESSIVE;
				GCC_WARN_UNUSED_FUNCTION = YES;
				GCC_WARN_UNUSED_VARIABLE = YES;
				IPHONEOS_DEPLOYMENT_TARGET = 15.0;
				MTL_ENABLE_DEBUG_INFO = YES;
				ONLY_ACTIVE_ARCH = YES;
				SDKROOT = iphoneos;
				STRING_CATALOG_GENERATE_SYMBOLS = YES;
				TARGETED_DEVICE_FAMILY = 1;
			};
			name = Debug;
		};
		97C147041CF9000F007C117D /* Release */ = {
			isa = XCBuildConfiguration;
			buildSettings = {
				ALWAYS_SEARCH_USER_PATHS = NO;
				ASSETCATALOG_COMPILER_GENERATE_SWIFT_ASSET_SYMBOL_EXTENSIONS = AppIcon;
				CLANG_ANALYZER_NONNULL = YES;
				CLANG_CXX_LANGUAGE_STANDARD = "gnu++0x";
				CLANG_CXX_LIBRARY = "libc++";
				CLANG_ENABLE_MODULES = YES;
				CLANG_ENABLE_OBJC_ARC = YES;
				CLANG_WARN_BLOCK_CAPTURE_AUTORELEASING = YES;
				CLANG_WARN_BOOL_CONVERSION = YES;
				CLANG_WARN_COMMA = YES;
				CLANG_WARN_CONSTANT_CONVERSION = YES;
				CLANG_WARN_DEPRECATED_OBJC_IMPLEMENTATIONS = YES;
				CLANG_WARN_DIRECT_OBJC_ISA_USAGE = YES_ERROR;
				CLANG_WARN_EMPTY_BODY = YES;
				CLANG_WARN_ENUM_CONVERSION = YES;
				CLANG_WARN_INFINITE_RECURSION = YES;
				CLANG_WARN_INT_CONVERSION = YES;
				CLANG_WARN_NON_LITERAL_NULL_CONVERSION = YES;
				CLANG_WARN_OBJC_IMPLICIT_RETAIN_SELF = YES;
				CLANG_WARN_OBJC_LITERAL_CONVERSION = YES;
				CLANG_WARN_OBJC_ROOT_CLASS = YES_ERROR;
				CLANG_WARN_QUOTED_INCLUDE_IN_FRAMEWORK_HEADER = YES;
				CLANG_WARN_RANGE_LOOP_ANALYSIS = YES;
				CLANG_WARN_STRICT_PROTOTYPES = YES;
				CLANG_WARN_SUSPICIOUS_MOVE = YES;
				CLANG_WARN_UNREACHABLE_CODE = YES;
				CLANG_WARN__DUPLICATE_METHOD_MATCH = YES;
				"CODE_SIGN_IDENTITY[sdk=iphoneos*]" = "iPhone Developer";
				COPY_PHASE_STRIP = NO;
				DEBUG_INFORMATION_FORMAT = "dwarf-with-dsym";
				ENABLE_NS_ASSERTIONS = NO;
				ENABLE_STRICT_OBJC_MSGSEND = YES;
				ENABLE_USER_SCRIPT_SANDBOXING = NO;
				GCC_C_LANGUAGE_STANDARD = gnu99;
				GCC_NO_COMMON_BLOCKS = YES;
				GCC_WARN_64_TO_32_BIT_CONVERSION = YES;
				GCC_WARN_ABOUT_RETURN_TYPE = YES_ERROR;
				GCC_WARN_UNDECLARED_SELECTOR = YES;
				GCC_WARN_UNINITIALIZED_AUTOS = YES_AGGRESSIVE;
				GCC_WARN_UNUSED_FUNCTION = YES;
				GCC_WARN_UNUSED_VARIABLE = YES;
				IPHONEOS_DEPLOYMENT_TARGET = 15.0;
				MTL_ENABLE_DEBUG_INFO = NO;
				SDKROOT = iphoneos;
				STRING_CATALOG_GENERATE_SYMBOLS = YES;
				SUPPORTED_PLATFORMS = iphoneos;
				SWIFT_COMPILATION_MODE = wholemodule;
				SWIFT_OPTIMIZATION_LEVEL = "-O";
				TARGETED_DEVICE_FAMILY = 1;
				VALIDATE_PRODUCT = YES;
			};
			name = Release;
		};
		97C147061CF9000F007C117D /* Debug */ = {
			isa = XCBuildConfiguration;
			baseConfigurationReference = 9740EEB21CF90195004384FC /* Debug.xcconfig */;
			buildSettings = {
				ASSETCATALOG_COMPILER_APPICON_NAME = AppIcon;
				CLANG_ENABLE_MODULES = YES;
				CODE_SIGN_ENTITLEMENTS = Runner/Runner.entitlements;
				CURRENT_PROJECT_VERSION = "$(FLUTTER_BUILD_NUMBER)";
				DEVELOPMENT_TEAM = ZPLCBF8X99;
				ENABLE_BITCODE = NO;
				INFOPLIST_FILE = Runner/Info.plist;
				LD_RUNPATH_SEARCH_PATHS = (
					"$(inherited)",
					"@executable_path/Frameworks",
				);
				MARKETING_VERSION = "$(FLUTTER_BUILD_NAME)";
				PRODUCT_BUNDLE_IDENTIFIER = com.dogukan.dailywisdom;
				PRODUCT_NAME = "$(TARGET_NAME)";
				SWIFT_OBJC_BRIDGING_HEADER = "Runner/Runner-Bridging-Header.h";
				SWIFT_OPTIMIZATION_LEVEL = "-Onone";
				SWIFT_VERSION = 5.0;
				VERSIONING_SYSTEM = "apple-generic";
			};
			name = Debug;
		};
		97C147071CF9000F007C117D /* Release */ = {
			isa = XCBuildConfiguration;
			baseConfigurationReference = 7AFA3C8E1D35360C0083082E /* Release.xcconfig */;
			buildSettings = {
				ASSETCATALOG_COMPILER_APPICON_NAME = AppIcon;
				CLANG_ENABLE_MODULES = YES;
				CODE_SIGN_ENTITLEMENTS = Runner/Runner.entitlements;
				CURRENT_PROJECT_VERSION = "$(FLUTTER_BUILD_NUMBER)";
				DEVELOPMENT_TEAM = ZPLCBF8X99;
				ENABLE_BITCODE = NO;
				INFOPLIST_FILE = Runner/Info.plist;
				LD_RUNPATH_SEARCH_PATHS = (
					"$(inherited)",
					"@executable_path/Frameworks",
				);
				MARKETING_VERSION = "$(FLUTTER_BUILD_NAME)";
				PRODUCT_BUNDLE_IDENTIFIER = com.dogukan.dailywisdom;
				PRODUCT_NAME = "$(TARGET_NAME)";
				SWIFT_OBJC_BRIDGING_HEADER = "Runner/Runner-Bridging-Header.h";
				SWIFT_VERSION = 5.0;
				VERSIONING_SYSTEM = "apple-generic";
			};
			name = Release;
		};
		B8E78C19113082D112B8BAA7 /* Profile */ = {
			isa = XCBuildConfiguration;
			baseConfigurationReference = 07298F92AC7B05EB15472BF1 /* Profile.xcconfig */;
			buildSettings = {
				ASSETCATALOG_COMPILER_GENERATE_SWIFT_ASSET_SYMBOL_EXTENSIONS = NO;
				CLANG_ENABLE_OBJC_WEAK = NO;
				CODE_SIGN_ENTITLEMENTS = EastWidget/EastWidget.entitlements;
				CODE_SIGN_STYLE = Automatic;
				CURRENT_PROJECT_VERSION = "$(FLUTTER_BUILD_NUMBER)";
				DEVELOPMENT_TEAM = ZPLCBF8X99;
				ENABLE_USER_SCRIPT_SANDBOXING = NO;
				GENERATE_INFOPLIST_FILE = NO;
				INFOPLIST_FILE = EastWidget/Info.plist;
				IPHONEOS_DEPLOYMENT_TARGET = 17.0;
				LD_RUNPATH_SEARCH_PATHS = (
					"$(inherited)",
					"@executable_path/Frameworks",
					"@executable_path/../../Frameworks",
				);
				MARKETING_VERSION = "$(FLUTTER_BUILD_NAME)";
				PRODUCT_BUNDLE_IDENTIFIER = com.dogukan.dailywisdom.EastWidgetExtension;
				PRODUCT_NAME = "$(TARGET_NAME)";
				SDKROOT = iphoneos;
				SKIP_INSTALL = YES;
				SWIFT_VERSION = 5.0;
				TARGETED_DEVICE_FAMILY = 1;
				VALIDATE_PRODUCT = YES;
				VERSIONING_SYSTEM = "apple-generic";
			};
			name = Profile;
		};
/* End XCBuildConfiguration section */

/* Begin XCConfigurationList section */
		331C8087294A63A400263BE5 /* Build configuration list for PBXNativeTarget "RunnerTests" */ = {
			isa = XCConfigurationList;
			buildConfigurations = (
				331C8088294A63A400263BE5 /* Debug */,
				331C8089294A63A400263BE5 /* Release */,
				331C808A294A63A400263BE5 /* Profile */,
			);
			defaultConfigurationIsVisible = 0;
			defaultConfigurationName = Release;
		};
		97C146E91CF9000F007C117D /* Build configuration list for PBXProject "Runner" */ = {
			isa = XCConfigurationList;
			buildConfigurations = (
				97C147031CF9000F007C117D /* Debug */,
				97C147041CF9000F007C117D /* Release */,
				249021D3217E4FDB00AE95B9 /* Profile */,
			);
			defaultConfigurationIsVisible = 0;
			defaultConfigurationName = Release;
		};
		97C147051CF9000F007C117D /* Build configuration list for PBXNativeTarget "Runner" */ = {
			isa = XCConfigurationList;
			buildConfigurations = (
				97C147061CF9000F007C117D /* Debug */,
				97C147071CF9000F007C117D /* Release */,
				249021D4217E4FDB00AE95B9 /* Profile */,
			);
			defaultConfigurationIsVisible = 0;
			defaultConfigurationName = Release;
		};
		B754D2D435096633B184D8CB /* Build configuration list for PBXNativeTarget "EastWidgetExtension" */ = {
			isa = XCConfigurationList;
			buildConfigurations = (
				5C71E60B61C955675417DEF5 /* Release */,
				76CDBA3155CD25350528D7BD /* Debug */,
				B8E78C19113082D112B8BAA7 /* Profile */,
			);
			defaultConfigurationIsVisible = 0;
			defaultConfigurationName = Release;
		};
/* End XCConfigurationList section */

/* Begin XCLocalSwiftPackageReference section */
		781AD8BC2B33823900A9FFBB /* XCLocalSwiftPackageReference "FlutterGeneratedPluginSwiftPackage" */ = {
			isa = XCLocalSwiftPackageReference;
			relativePath = Flutter/ephemeral/Packages/FlutterGeneratedPluginSwiftPackage;
		};
/* End XCLocalSwiftPackageReference section */

/* Begin XCSwiftPackageProductDependency section */
		78A3181F2AECB46A00862997 /* FlutterGeneratedPluginSwiftPackage */ = {
			isa = XCSwiftPackageProductDependency;
			productName = FlutterGeneratedPluginSwiftPackage;
		};
/* End XCSwiftPackageProductDependency section */
	};
	rootObject = 97C146E61CF9000F007C117D /* Project object */;
}
